
Microsoft Visual Studio Solution File, Format Version 12.00
# Visual Studio 2017
Project("{FAE04EC0-301F-11D3-BF4B-00C04F79EFBC}") = "app", "app.csproj", "{DF69FB1B-1828-2E1E-E55A-9C4013F5F788}"
EndProject
Project("{FAE04EC0-301F-11D3-BF4B-00C04F79EFBC}") = "app.Plugins", "app.Plugins.csproj", "{3D6F4C76-419B-82EB-5622-DE0B501450CA}"
EndProject
Project("{FAE04EC0-301F-11D3-BF4B-00C04F79EFBC}") = "app.Editor.Plugins", "app.Editor.Plugins.csproj", "{9E16BFEF-F3F0-5AD8-A805-F30E0D17C251}"
EndProject
Project("{FAE04EC0-301F-11D3-BF4B-00C04F79EFBC}") = "app.Editor", "app.Editor.csproj", "{6D80755F-32C1-02E8-E04F-FAEC5ADE3A60}"
EndProject
Global
	GlobalSection(SolutionConfigurationPlatforms) = preSolution
		Debug|Any CPU = Debug|Any CPU
		Release|Any CPU = Release|Any CPU
	EndGlobalSection
	GlobalSection(ProjectConfigurationPlatforms) = postSolution
		{DF69FB1B-1828-2E1E-E55A-9C4013F5F788}.Debug|Any CPU.ActiveCfg = Debug|Any CPU
		{DF69FB1B-1828-2E1E-E55A-9C4013F5F788}.Debug|Any CPU.Build.0 = Debug|Any CPU
		{DF69FB1B-1828-2E1E-E55A-9C4013F5F788}.Release|Any CPU.ActiveCfg = Release|Any CPU
		{DF69FB1B-1828-2E1E-E55A-9C4013F5F788}.Release|Any CPU.Build.0 = Release|Any CPU
		{3D6F4C76-419B-82EB-5622-DE0B501450CA}.Debug|Any CPU.ActiveCfg = Debug|Any CPU
		{3D6F4C76-419B-82EB-5622-DE0B501450CA}.Debug|Any CPU.Build.0 = Debug|Any CPU
		{3D6F4C76-419B-82EB-5622-DE0B501450CA}.Release|Any CPU.ActiveCfg = Release|Any CPU
		{3D6F4C76-419B-82EB-5622-DE0B501450CA}.Release|Any CPU.Build.0 = Release|Any CPU
		{9E16BFEF-F3F0-5AD8-A805-F30E0D17C251}.Debug|Any CPU.ActiveCfg = Debug|Any CPU
		{9E16BFEF-F3F0-5AD8-A805-F30E0D17C251}.Debug|Any CPU.Build.0 = Debug|Any CPU
		{9E16BFEF-F3F0-5AD8-A805-F30E0D17C251}.Release|Any CPU.ActiveCfg = Release|Any CPU
		{9E16BFEF-F3F0-5AD8-A805-F30E0D17C251}.Release|Any CPU.Build.0 = Release|Any CPU
		{6D80755F-32C1-02E8-E04F-FAEC5ADE3A60}.Debug|Any CPU.ActiveCfg = Debug|Any CPU
		{6D80755F-32C1-02E8-E04F-FAEC5ADE3A60}.Debug|Any CPU.Build.0 = Debug|Any CPU
		{6D80755F-32C1-02E8-E04F-FAEC5ADE3A60}.Release|Any CPU.ActiveCfg = Release|Any CPU
		{6D80755F-32C1-02E8-E04F-FAEC5ADE3A60}.Release|Any CPU.Build.0 = Release|Any CPU
	EndGlobalSection
	GlobalSection(SolutionProperties) = preSolution
		HideSolutionNode = FALSE
	EndGlobalSection
EndGlobal
